// !$*UTF8*$!
{
	archiveVersion = 1;
	classes = {
	};
	objectVersion = 46;
	objects = {

/* Begin PBXBuildFile section */
		D6A5ED90206165A700C752BE /* AppDelegate.swift in Sources */ = {isa = PBXBuildFile; fileRef = D6A5ED8F206165A700C752BE /* AppDelegate.swift */; };
		D6A5ED92206165A700C752BE /* ViewController.swift in Sources */ = {isa = PBXBuildFile; fileRef = D6A5ED91206165A700C752BE /* ViewController.swift */; };
		D6A5ED95206165A700C752BE /* Main.storyboard in Resources */ = {isa = PBXBuildFile; fileRef = D6A5ED93206165A700C752BE /* Main.storyboard */; };
		D6A5ED97206165A700C752BE /* Assets.xcassets in Resources */ = {isa = PBXBuildFile; fileRef = D6A5ED96206165A700C752BE /* Assets.xcassets */; };
		D6A5ED9A206165A700C752BE /* LaunchScreen.storyboard in Resources */ = {isa = PBXBuildFile; fileRef = D6A5ED98206165A700C752BE /* LaunchScreen.storyboard */; };
/* End PBXBuildFile section */

/* Begin PBXFileReference section */
		D6A5ED8C206165A700C752BE /* fact_1.app */ = {isa = PBXFileReference; explicitFileType = wrapper.application; includeInIndex = 0; path = fact_1.app; sourceTree = BUILT_PRODUCTS_DIR; };
		D6A5ED8F206165A700C752BE /* AppDelegate.swift */ = {isa = PBXFileReference; lastKnownFileType = sourcecode.swift; path = AppDelegate.swift; sourceTree = "<group>"; };
		D6A5ED91206165A700C752BE /* ViewController.swift */ = {isa = PBXFileReference; lastKnownFileType = sourcecode.swift; path = ViewController.swift; sourceTree = "<group>"; };
		D6A5ED94206165A700C752BE /* Base */ = {isa = PBXFileReference; lastKnownFileType = file.storyboard; name = Base; path = Base.lproj/Main.storyboard; sourceTree = "<group>"; };
		D6A5ED96206165A700C752BE /* Assets.xcassets */ = {isa = PBXFileReference; lastKnownFileType = folder.assetcatalog; path = Assets.xcassets; sourceTree = "<group>"; };
		D6A5ED99206165A700C752BE /* Base */ = {isa = PBXFileReference; lastKnownFileType = file.storyboard; name = Base; path = Base.lproj/LaunchScreen.storyboard; sourceTree = "<group>"; };
		D6A5ED9B206165A700C752BE /* Info.plist */ = {isa = PBXFileReference; lastKnownFileType = text.plist.xml; path = Info.plist; sourceTree = "<group>"; };
/* End PBXFileReference section */

/* Begin PBXFrameworksBuildPhase section */
		D6A5ED89206165A700C752BE /* Frameworks */ = {
			isa = PBXFrameworksBuildPhase;
			buildActionMask = 2147483647;
			files = (
			);
			runOnlyForDeploymentPostprocessing = 0;
		};
/* End PBXFrameworksBuildPhase section */

/* Begin PBXGroup section */
		D6A5ED83206165A600C752BE = {
			isa = PBXGroup;
			children = (
				D6A5ED8E206165A700C752BE /* fact_1 */,
				D6A5ED8D206165A700C752BE /* Products */,
			);
			sourceTree = "<group>";
		};
		D6A5ED8D206165A700C752BE /* Products */ = {
			isa = PBXGroup;
			children = (
				D6A5ED8C206165A700C752BE /* fact_1.app */,
			);
			name = Products;
			sourceTree = "<group>";
		};
		D6A5ED8E206165A700C752BE /* fact_1 */ = {
			isa = PBXGroup;
			children = (
				D6A5ED8F206165A700C752BE /* AppDelegate.swift */,
				D6A5ED91206165A700C752BE /* ViewController.swift */,
				D6A5ED93206165A700C752BE /* Main.storyboard */,
				D6A5ED96206165A700C752BE /* Assets.xcassets */,
				D6A5ED98206165A700C752BE /* LaunchScreen.storyboard */,
				D6A5ED9B206165A700C752BE /* Info.plist */,
			);
			path = fact_1;
			sourceTree = "<group>";
		};
/* End PBXGroup section */

/* Begin PBXNativeTarget section */
		D6A5ED8B206165A700C752BE /* fact_1 */ = {
			isa = PBXNativeTarget;
			buildConfigurationList = D6A5ED9E206165A700C752BE /* Build configuration list for PBXNativeTarget "fact_1" */;
			buildPhases = (
				D6A5ED88206165A700C752BE /* Sources */,
				D6A5ED89206165A700C752BE /* Frameworks */,
				D6A5ED8A206165A700C752BE /* Resources */,
			);
			buildRules = (
			);
			dependencies = (
			);
			name = fact_1;
			productName = fact_1;
			productReference = D6A5ED8C206165A700C752BE /* fact_1.app */;
			productType = "com.apple.product-type.application";
		};
/* End PBXNativeTarget section */

/* Begin PBXProject section */
		D6A5ED84206165A700C752BE /* Project object */ = {
			isa = PBXProject;
			attributes = {
				LastSwiftUpdateCheck = 0830;
				LastUpgradeCheck = 0830;
				ORGANIZATIONNAME = azzaz;
				TargetAttributes = {
					D6A5ED8B206165A700C752BE = {
						CreatedOnToolsVersion = 8.3.3;
						ProvisioningStyle = Automatic;
					};
				};
			};
			buildConfigurationList = D6A5ED87206165A700C752BE /* Build configuration list for PBXProject "fact_1" */;
			compatibilityVersion = "Xcode 3.2";
			developmentRegion = English;
			hasScannedForEncodings = 0;
			knownRegions = (
				en,
				Base,
			);
			mainGroup = D6A5ED83206165A600C752BE;
			productRefGroup = D6A5ED8D206165A700C752BE /* Products */;
			projectDirPath = "";
			projectRoot = "";
			targets = (
				D6A5ED8B206165A700C752BE /* fact_1 */,
			);
		};
/* End PBXProject section */

/* Begin PBXResourcesBuildPhase section */
		D6A5ED8A206165A700C752BE /* Resources */ = {
			isa = PBXResourcesBuildPhase;
			buildActionMask = 2147483647;
			files = (
				D6A5ED9A206165A700C752BE /* LaunchScreen.storyboard in Resources */,
				D6A5ED97206165A700C752BE /* Assets.xcassets in Resources */,
				D6A5ED95206165A700C752BE /* Main.storyboard in Resources */,
			);
			runOnlyForDeploymentPostprocessing = 0;
		};
/* End PBXResourcesBuildPhase section */

/* Begin PBXSourcesBuildPhase section */
		D6A5ED88206165A700C752BE /* Sources */ = {
			isa = PBXSourcesBuildPhase;
			buildActionMask = 2147483647;
			files = (
				D6A5ED92206165A700C752BE /* ViewController.swift in Sources */,
				D6A5ED90206165A700C752BE /* AppDelegate.swift in Sources */,
			);
			runOnlyForDeploymentPostprocessing = 0;
		};
/* End PBXSourcesBuildPhase section */

/* Begin PBXVariantGroup section */
		D6A5ED93206165A700C752BE /* Main.storyboard */ = {
			isa = PBXVariantGroup;
			children = (
				D6A5ED94206165A700C752BE /* Base */,
			);
			name = Main.storyboard;
			sourceTree = "<group>";
		};
		D6A5ED98206165A700C752BE /* LaunchScreen.storyboard */ = {
			isa = PBXVariantGroup;
			children = (
				D6A5ED99206165A700C752BE /* Base */,
			);
			name = LaunchScreen.storyboard;
			sourceTree = "<group>";
		};
/* End PBXVariantGroup section */

/* Begin XCBuildConfiguration section */
		D6A5ED9C206165A700C752BE /* Debug */ = {
			isa = XCBuildConfiguration;
			buildSettings = {
				ALWAYS_SEARCH_USER_PATHS = NO;
				CLANG_ANALYZER_NONNULL = YES;
				CLANG_ANALYZER_NUMBER_OBJECT_CONVERSION = YES_AGGRESSIVE;
				CLANG_CXX_LANGUAGE_STANDARD = "gnu++0x";
				CLANG_CXX_LIBRARY = "libc++";
				CLANG_ENABLE_MODULES = YES;
				CLANG_ENABLE_OBJC_ARC = YES;
				CLANG_WARN_BOOL_CONVERSION = YES;
				CLANG_WARN_CONSTANT_CONVERSION = YES;
				CLANG_WARN_DIRECT_OBJC_ISA_USAGE = YES_ERROR;
				CLANG_WARN_DOCUMENTATION_COMMENTS = YES;
				CLANG_WARN_EMPTY_BODY = YES;
				CLANG_WARN_ENUM_CONVERSION = YES;
				CLANG_WARN_INFINITE_RECURSION = YES;
				CLANG_WARN_INT_CONVERSION = YES;
				CLANG_WARN_OBJC_ROOT_CLASS = YES_ERROR;
				CLANG_WARN_SUSPICIOUS_MOVE = YES;
				CLANG_WARN_UNREACHABLE_CODE = YES;
				CLANG_WARN__DUPLICATE_METHOD_MATCH = YES;
				"CODE_SIGN_IDENTITY[sdk=iphoneos*]" = "iPhone Developer";
				COPY_PHASE_STRIP = NO;
				DEBUG_INFORMATION_FORMAT = dwarf;
				ENABLE_STRICT_OBJC_MSGSEND = YES;
				ENABLE_TESTABILITY = YES;
				GCC_C_LANGUAGE_STANDARD = gnu99;
				GCC_DYNAMIC_NO_PIC = NO;
				GCC_NO_COMMON_BLOCKS = YES;
				GCC_OPTIMIZATION_LEVEL = 0;
				GCC_PREPROCESSOR_DEFINITIONS = (
					"DEBUG=1",
					"$(inherited)",
				);
				GCC_WARN_64_TO_32_BIT_CONVERSION = YES;
				GCC_WARN_ABOUT_RETURN_TYPE = YES_ERROR;
				GCC_WARN_UNDECLARED_SELECTOR = YES;
				GCC_WARN_UNINITIALIZED_AUTOS = YES_AGGRESSIVE;
				GCC_WARN_UNUSED_FUNCTION = YES;
				GCC_WARN_UNUSED_VARIABLE = YES;
				IPHONEOS_DEPLOYMENT_TARGET = 10.3;
				MTL_ENABLE_DEBUG_INFO = YES;
				ONLY_ACTIVE_ARCH = YES;
				SDKROOT = iphoneos;
				SWIFT_ACTIVE_COMPILATION_CONDITIONS = DEBUG;
				SWIFT_OPTIMIZATION_LEVEL = "-Onone";
				TARGETED_DEVICE_FAMILY = "1,2";
			};
			name = Debug;
		};
		D6A5ED9D206165A700C752BE /* Release */ = {
			isa = XCBuildConfiguration;
			buildSettings = {
				ALWAYS_SEARCH_USER_PATHS = NO;
				CLANG_ANALYZER_NONNULL = YES;
				CLANG_ANALYZER_NUMBER_OBJECT_CONVERSION = YES_AGGRESSIVE;
				CLANG_CXX_LANGUAGE_STANDARD = "gnu++0x";
				CLANG_CXX_LIBRARY = "libc++";
				CLANG_ENABLE_MODULES = YES;
				CLANG_ENABLE_OBJC_ARC = YES;
				CLANG_WARN_BOOL_CONVERSION = YES;
				CLANG_WARN_CONSTANT_CONVERSION = YES;
				CLANG_WARN_DIRECT_OBJC_ISA_USAGE = YES_ERROR;
				CLANG_WARN_DOCUMENTATION_COMMENTS = YES;
				CLANG_WARN_EMPTY_BODY = YES;
				CLANG_WARN_ENUM_CONVERSION = YES;
				CLANG_WARN_INFINITE_RECURSION = YES;
				CLANG_WARN_INT_CONVERSION = YES;
				CLANG_WARN_OBJC_ROOT_CLASS = YES_ERROR;
				CLANG_WARN_SUSPICIOUS_MOVE = YES;
				CLANG_WARN_UNREACHABLE_CODE = YES;
				CLANG_WARN__DUPLICATE_METHOD_MATCH = YES;
				"CODE_SIGN_IDENTITY[sdk=iphoneos*]" = "iPhone Developer";
				COPY_PHASE_STRIP = NO;
				DEBUG_INFORMATION_FORMAT = "dwarf-with-dsym";
				ENABLE_NS_ASSERTIONS = NO;
				ENABLE_STRICT_OBJC_MSGSEND = YES;
				GCC_C_LANGUAGE_STANDARD = gnu99;
				GCC_NO_COMMON_BLOCKS = YES;
				GCC_WARN_64_TO_32_BIT_CONVERSION = YES;
				GCC_WARN_ABOUT_RETURN_TYPE = YES_ERROR;
				GCC_WARN_UNDECLARED_SELECTOR = YES;
				GCC_WARN_UNINITIALIZED_AUTOS = YES_AGGRESSIVE;
				GCC_WARN_UNUSED_FUNCTION = YES;
				GCC_WARN_UNUSED_VARIABLE = YES;
				IPHONEOS_DEPLOYMENT_TARGET = 10.3;
				MTL_ENABLE_DEBUG_INFO = NO;
				SDKROOT = iphoneos;
				SWIFT_OPTIMIZATION_LEVEL = "-Owholemodule";
				TARGETED_DEVICE_FAMILY = "1,2";
				VALIDATE_PRODUCT = YES;
			};
			name = Release;
		};
		D6A5ED9F206165A700C752BE /* Debug */ = {
			isa = XCBuildConfiguration;
			buildSettings = {
				ASSETCATALOG_COMPILER_APPICON_NAME = AppIcon;
				INFOPLIST_FILE = fact_1/Info.plist;
				LD_RUNPATH_SEARCH_PATHS = "$(inherited) @executable_path/Frameworks";
				PRODUCT_BUNDLE_IDENTIFIER = "Apple.fact-1";
				PRODUCT_NAME = "$(TARGET_NAME)";
				SWIFT_VERSION = 3.0;
			};
			name = Debug;
		};
		D6A5EDA0206165A700C752BE /* Release */ = {
			isa = XCBuildConfiguration;
			buildSettings = {
				ASSETCATALOG_COMPILER_APPICON_NAME = AppIcon;
				INFOPLIST_FILE = fact_1/Info.plist;
				LD_RUNPATH_SEARCH_PATHS = "$(inherited) @executable_path/Frameworks";
				PRODUCT_BUNDLE_IDENTIFIER = "Apple.fact-1";
				PRODUCT_NAME = "$(TARGET_NAME)";
				SWIFT_VERSION = 3.0;
			};
			name = Release;
		};
/* End XCBuildConfiguration section */

/* Begin XCConfigurationList section */
		D6A5ED87206165A700C752BE /* Build configuration list for PBXProject "fact_1" */ = {
			isa = XCConfigurationList;
			buildConfigurations = (
				D6A5ED9C206165A700C752BE /* Debug */,
				D6A5ED9D206165A700C752BE /* Release */,
			);
			defaultConfigurationIsVisible = 0;
			defaultConfigurationName = Release;
		};
		D6A5ED9E206165A700C752BE /* Build configuration list for PBXNativeTarget "fact_1" */ = {
			isa = XCConfigurationList;
			buildConfigurations = (
				D6A5ED9F206165A700C752BE /* Debug */,
				D6A5EDA0206165A700C752BE /* Release */,
			);
			defaultConfigurationIsVisible = 0;
		};
/* End XCConfigurationList section */
	};
	rootObject = D6A5ED84206165A700C752BE /* Project object */;
}
